
Microsoft Visual Studio Solution File, Format Version 12.00
# Visual Studio 15
VisualStudioVersion = 15.0.27428.2037
MinimumVisualStudioVersion = 10.0.40219.1
Project("{FAE04EC0-301F-11D3-BF4B-00C04F79EFBC}") = "AspNetReact", "AspNetReact\AspNetReact.csproj", "{2B52670A-0B36-4B00-916D-4DED29692FDF}"
EndProject
Global
	GlobalSection(SolutionConfigurationPlatforms) = preSolution
		Debug|Any CPU = Debug|Any CPU
		Release|Any CPU = Release|Any CPU
	EndGlobalSection
	GlobalSection(ProjectConfigurationPlatforms) = postSolution
		{2B52670A-0B36-4B00-916D-4DED29692FDF}.Debug|Any CPU.ActiveCfg = Debug|Any CPU
		{2B52670A-0B36-4B00-916D-4DED29692FDF}.Debug|Any CPU.Build.0 = Debug|Any CPU
		{2B52670A-0B36-4B00-916D-4DED29692FDF}.Release|Any CPU.ActiveCfg = Release|Any CPU
		{2B52670A-0B36-4B00-916D-4DED29692FDF}.Release|Any CPU.Build.0 = Release|Any CPU
	EndGlobalSection
	GlobalSection(SolutionProperties) = preSolution
		HideSolutionNode = FALSE
	EndGlobalSection
	GlobalSection(ExtensibilityGlobals) = postSolution
		SolutionGuid = {54B9869E-F9E6-49F0-863B-9BBDE407A4AE}
	EndGlobalSection
EndGlobal
